{
    "name": "cypress-ct-aurelia",
    "version": "1.0.1",
    "lockfileVersion": 3,
    "requires": true,
    "packages": {
        "": {
            "name": "cypress-ct-aurelia",
            "version": "1.0.1",
            "dependencies": {
                "@cypress/mount-utils": "^4.0.0",
                "aurelia-bootstrapper": "^2.4.0",
                "aurelia-testing": "^1.1.0"
            },
            "devDependencies": {
                "prettier": "^2.8.8",
                "typescript": "^5.1.3"
            }
        },
        "node_modules/@cypress/mount-utils": {
            "version": "4.0.0",
            "resolved": "https://registry.npmjs.org/@cypress/mount-utils/-/mount-utils-4.0.0.tgz",
            "integrity": "sha512-4w8WZpOALz5+vhJmPfh2HkT4NMsRP2DgVqSXxXu46GR5yUGfqJ0+WgUrmVuujtKKY6n1mDiO1L4AfZ+4bsEYGQ=="
        },
        "node_modules/aurelia-binding": {
            "version": "2.5.4",
            "resolved": "https://registry.npmjs.org/aurelia-binding/-/aurelia-binding-2.5.4.tgz",
            "integrity": "sha512-tYhYCFvQne+chO3p8KntCWj0r8oCXiCOGQ0yFbthHDBpjjTA4QlBwpGQ8nlGoGDKj7n4PoobeIjN3lEDKgKUyw==",
            "dependencies": {
                "aurelia-logging": "^1.0.0",
                "aurelia-metadata": "^1.0.0",
                "aurelia-pal": "^1.0.0",
                "aurelia-task-queue": "^1.0.0"
            }
        },
        "node_modules/aurelia-bootstrapper": {
            "version": "2.4.0",
            "resolved": "https://registry.npmjs.org/aurelia-bootstrapper/-/aurelia-bootstrapper-2.4.0.tgz",
            "integrity": "sha512-BdJZiAm1cL+CalLkN2DxkqxckzvdpOv8MFXXyKDUfFPxDHMiUvtdoei//JzW+QPPeGdvhl8hMh+1IpwucAWQXw==",
            "dependencies": {
                "aurelia-event-aggregator": "^1.0.0",
                "aurelia-framework": "^1.4.1",
                "aurelia-history": "^1.1.0",
                "aurelia-history-browser": "^1.1.0",
                "aurelia-loader-default": "^1.0.0",
                "aurelia-logging-console": "^1.0.0",
                "aurelia-pal": "^1.3.0",
                "aurelia-pal-browser": "^1.0.0",
                "aurelia-polyfills": "^1.0.0",
                "aurelia-router": "^1.7.1",
                "aurelia-templating": "^1.11.1",
                "aurelia-templating-binding": "^1.6.0",
                "aurelia-templating-resources": "^1.14.1",
                "aurelia-templating-router": "^1.5.0"
            }
        },
        "node_modules/aurelia-dependency-injection": {
            "version": "1.5.2",
            "resolved": "https://registry.npmjs.org/aurelia-dependency-injection/-/aurelia-dependency-injection-1.5.2.tgz",
            "integrity": "sha512-LnKgpXzKuG2A/YPGeg5OOw8zvkbvDBMRJA9QDCjZlxymsPI98dwggNSQHI8UK+hTIBqOmjjRxqdMoeROo2Gpbw==",
            "dependencies": {
                "aurelia-metadata": "^1.0.0",
                "aurelia-pal": "^1.0.0"
            }
        },
        "node_modules/aurelia-event-aggregator": {
            "version": "1.0.3",
            "resolved": "https://registry.npmjs.org/aurelia-event-aggregator/-/aurelia-event-aggregator-1.0.3.tgz",
            "integrity": "sha512-8fSWNCgh3gIsq/MgE+njVnUlYS05D6acyC8aJECekNWYecdBz46ckEblywP1ZNHLIt3u/Ws0oMqiOp1Jjw+0hw==",
            "dependencies": {
                "aurelia-logging": "^1.0.0"
            }
        },
        "node_modules/aurelia-framework": {
            "version": "1.4.1",
            "resolved": "https://registry.npmjs.org/aurelia-framework/-/aurelia-framework-1.4.1.tgz",
            "integrity": "sha512-oFnJyqqIDk2Kk7iSy2YNm2MNQMbTVEiPpa9q0oGfDLclqUgv+L05rnkEW9vEpVTUMV8gmOTxIrDidNICrDT7HA==",
            "dependencies": {
                "aurelia-binding": "^2.0.0",
                "aurelia-dependency-injection": "^1.0.0",
                "aurelia-loader": "^1.0.0",
                "aurelia-logging": "^1.0.0",
                "aurelia-metadata": "^1.0.0",
                "aurelia-pal": "^1.0.0",
                "aurelia-path": "^1.1.7",
                "aurelia-task-queue": "^1.0.0",
                "aurelia-templating": "^1.11.1"
            }
        },
        "node_modules/aurelia-history": {
            "version": "1.2.1",
            "resolved": "https://registry.npmjs.org/aurelia-history/-/aurelia-history-1.2.1.tgz",
            "integrity": "sha512-mHRgGtOKkvSc7ggdJvQGhjERSW0X4TNasa6JojkWGz9e6swe0HpFysKyMt+Hp7jYmGgiuCcQnM09lhDU1YExPA=="
        },
        "node_modules/aurelia-history-browser": {
            "version": "1.4.0",
            "resolved": "https://registry.npmjs.org/aurelia-history-browser/-/aurelia-history-browser-1.4.0.tgz",
            "integrity": "sha512-cJdQmHHFMbv3U+xV1FwQVwBQZoJvCxKUh/sbSjwfBbguAqtwWQaj4TFkVe7kYcJaSXzbebbpnTUkSwOfRAojpw==",
            "dependencies": {
                "aurelia-history": "^1.0.0",
                "aurelia-pal": "^1.0.0"
            }
        },
        "node_modules/aurelia-loader": {
            "version": "1.0.2",
            "resolved": "https://registry.npmjs.org/aurelia-loader/-/aurelia-loader-1.0.2.tgz",
            "integrity": "sha512-3owEe5Zsk8cIJG+zcxN6gzqUr2z2c+FKhtrL49e1j8vE4ccQQjXg+tvKFnfBVf3pwma6A474WsdK8poYhoVZyA==",
            "dependencies": {
                "aurelia-metadata": "^1.0.0",
                "aurelia-path": "^1.0.0"
            }
        },
        "node_modules/aurelia-loader-default": {
            "version": "1.2.1",
            "resolved": "https://registry.npmjs.org/aurelia-loader-default/-/aurelia-loader-default-1.2.1.tgz",
            "integrity": "sha512-V142AYyBFs8m+YD80wWwcjJ4E8lzIv3uAbgUCmgQuBjPxeyWEbaIzxvQvRrrHCI90L64boRNWDiU1VxKlPB1pA==",
            "dependencies": {
                "aurelia-loader": "^1.0.0",
                "aurelia-metadata": "^1.0.0",
                "aurelia-pal": "^1.0.0"
            }
        },
        "node_modules/aurelia-logging": {
            "version": "1.5.2",
            "resolved": "https://registry.npmjs.org/aurelia-logging/-/aurelia-logging-1.5.2.tgz",
            "integrity": "sha512-R0UdpGYBNSosBZ9WefmoIpgr36szFwQrRk2pbblhI+Vx911dUEEW85QXb6BRKVAP1ykz52Fuq8lCZxR6UupQXA=="
        },
        "node_modules/aurelia-logging-console": {
            "version": "1.1.1",
            "resolved": "https://registry.npmjs.org/aurelia-logging-console/-/aurelia-logging-console-1.1.1.tgz",
            "integrity": "sha512-fruw56b5P6qgVcbtwGok2m85hm/TI2Tt6Nzs1DOWUTnG8aeNLfCx6pRYBDZIQc/7VjX481e1tn4VqTncwXWCog=="
        },
        "node_modules/aurelia-metadata": {
            "version": "1.0.8",
            "resolved": "https://registry.npmjs.org/aurelia-metadata/-/aurelia-metadata-1.0.8.tgz",
            "integrity": "sha512-Ty7k9F0KKtiaPVoHexU9V2SuvCYW6lieb+Vwjh0HyYPMo1I39DcJZ8ju+MO3im7FFA0QrivapJxJahXvE0dSCA==",
            "dependencies": {
                "aurelia-pal": "^1.0.0"
            }
        },
        "node_modules/aurelia-pal": {
            "version": "1.8.2",
            "resolved": "https://registry.npmjs.org/aurelia-pal/-/aurelia-pal-1.8.2.tgz",
            "integrity": "sha512-6erozUK5aaD88PvThs/L87kLsqxqPaBU59PGECr36v9yezhve0BHqpKgbtJ8haHJSiH80K9lsJtXfefedS/3sw=="
        },
        "node_modules/aurelia-pal-browser": {
            "version": "1.8.1",
            "resolved": "https://registry.npmjs.org/aurelia-pal-browser/-/aurelia-pal-browser-1.8.1.tgz",
            "integrity": "sha512-wUZ/9EEaYKN7omQKESUakZO5aYrNslK1xLY3huMOpZGRsZJT6O76uPS2dDxefGWQEjUBtueMBq9Um7IcQGWXFw==",
            "dependencies": {
                "aurelia-pal": "^1.4.0"
            }
        },
        "node_modules/aurelia-path": {
            "version": "1.1.7",
            "resolved": "https://registry.npmjs.org/aurelia-path/-/aurelia-path-1.1.7.tgz",
            "integrity": "sha512-D6/Tz8jE8b2+Y8Pt6P/fxF6xfJGef+TA6YEljzo1kEzyzbxIvwfqc7pK6i/XGY3LowlumPqrhxkfMjPxLpFIcA=="
        },
        "node_modules/aurelia-polyfills": {
            "version": "1.3.4",
            "resolved": "https://registry.npmjs.org/aurelia-polyfills/-/aurelia-polyfills-1.3.4.tgz",
            "integrity": "sha512-NvOBYi4aWnxWCxfCfyW5DObggevOwfkC0riGMicgXNQg/ngpaQpFIXQgc4jMlI6jyE+/e38J36Hd9CeUcj04BA==",
            "dependencies": {
                "aurelia-pal": "^1.0.0"
            }
        },
        "node_modules/aurelia-route-recognizer": {
            "version": "1.3.2",
            "resolved": "https://registry.npmjs.org/aurelia-route-recognizer/-/aurelia-route-recognizer-1.3.2.tgz",
            "integrity": "sha512-nBlNSVmN1aX6KpzCzbISrolX8ETqt/Otet+Lp2qpI98ib9ZoSXVrFDZSgPaOSJaUs3A0r+felLSqBm3NNHqy4g==",
            "dependencies": {
                "aurelia-path": "^1.0.0"
            }
        },
        "node_modules/aurelia-router": {
            "version": "1.7.1",
            "resolved": "https://registry.npmjs.org/aurelia-router/-/aurelia-router-1.7.1.tgz",
            "integrity": "sha512-P6xxikeHHzVLxpZD8tvTwGJmEHY3M1MPTiIYzk32s85scd4kQ77FgQWo77ujYNv6hjrExifLFbrxIB7pUEziIQ==",
            "dependencies": {
                "aurelia-dependency-injection": "^1.0.0",
                "aurelia-event-aggregator": "^1.0.0",
                "aurelia-history": "^1.1.0",
                "aurelia-logging": "^1.0.0",
                "aurelia-path": "^1.0.0",
                "aurelia-route-recognizer": "^1.3.2"
            },
            "peerDependencies": {
                "aurelia-history": "^1.1.0"
            }
        },
        "node_modules/aurelia-task-queue": {
            "version": "1.3.3",
            "resolved": "https://registry.npmjs.org/aurelia-task-queue/-/aurelia-task-queue-1.3.3.tgz",
            "integrity": "sha512-ua3J2YO+cZgpn1MqxPlanSDXG4SB0BXotxYDW1iL5f6AsoEvJ3BycZJYw/N9hMQKmWniOeaBr7wGQ+KDiZFywQ==",
            "dependencies": {
                "aurelia-pal": "^1.0.0"
            }
        },
        "node_modules/aurelia-templating": {
            "version": "1.11.1",
            "resolved": "https://registry.npmjs.org/aurelia-templating/-/aurelia-templating-1.11.1.tgz",
            "integrity": "sha512-7Zrb/yvnIYBIlqGaLXIiBsmWMoFwo3SSoxyoucqWe/M80YpR4LJaTEKoZxhZZI6x9pU+tlFOBkwd/sA1JqPR8w==",
            "dependencies": {
                "aurelia-binding": "^2.0.0",
                "aurelia-dependency-injection": "^1.0.0",
                "aurelia-loader": "^1.0.0",
                "aurelia-logging": "^1.0.0",
                "aurelia-metadata": "^1.0.0",
                "aurelia-pal": "^1.0.0",
                "aurelia-path": "^1.1.7",
                "aurelia-task-queue": "^1.1.0"
            }
        },
        "node_modules/aurelia-templating-binding": {
            "version": "1.6.0",
            "resolved": "https://registry.npmjs.org/aurelia-templating-binding/-/aurelia-templating-binding-1.6.0.tgz",
            "integrity": "sha512-ffWqrLyEryn3XXlKMsC2z5c6QWYXjQcHG+HMFR2F/ldrBL09IFj5CY2MWKIxymA217/nPCREYbv9YBkc4/Ds+A==",
            "dependencies": {
                "aurelia-binding": "^2.0.0",
                "aurelia-logging": "^1.0.0",
                "aurelia-templating": "^1.11.1"
            }
        },
        "node_modules/aurelia-templating-resources": {
            "version": "1.14.3",
            "resolved": "https://registry.npmjs.org/aurelia-templating-resources/-/aurelia-templating-resources-1.14.3.tgz",
            "integrity": "sha512-8JbBSUC0PWg8/MQ3cui5JUnIrJs30iD4QM6C1g1cv5Uv17yLMnDdaRQd1TIDN1S4kAIUjubkV2M8IaYP0BY+2Q==",
            "dependencies": {
                "aurelia-binding": "^2.0.0",
                "aurelia-dependency-injection": "^1.0.0",
                "aurelia-loader": "^1.0.0",
                "aurelia-logging": "^1.0.0",
                "aurelia-metadata": "^1.0.0",
                "aurelia-pal": "^1.3.0",
                "aurelia-path": "^1.1.7",
                "aurelia-task-queue": "^1.0.0",
                "aurelia-templating": "^1.11.1"
            }
        },
        "node_modules/aurelia-templating-router": {
            "version": "1.5.0",
            "resolved": "https://registry.npmjs.org/aurelia-templating-router/-/aurelia-templating-router-1.5.0.tgz",
            "integrity": "sha512-UixnQzi6BHL20F5V7euk8b4y6/PLS9etEbmXdicnAPU9gLKDTMB6+SOCKNPRlTb5C00aQlCSbmkDrrdIdN6Vxg==",
            "dependencies": {
                "aurelia-binding": "^2.0.0",
                "aurelia-dependency-injection": "^1.3.0",
                "aurelia-logging": "^1.0.0",
                "aurelia-metadata": "^1.0.0",
                "aurelia-pal": "^1.3.0",
                "aurelia-path": "^1.1.7",
                "aurelia-templating": "^1.11.1"
            },
            "peerDependencies": {
                "aurelia-router": "^1.5.0"
            }
        },
        "node_modules/aurelia-testing": {
            "version": "1.1.0",
            "resolved": "https://registry.npmjs.org/aurelia-testing/-/aurelia-testing-1.1.0.tgz",
            "integrity": "sha512-U/ncuoU0gxjhY7Awfv+dBbw/yDVNX9gQK4nKmqL5xau5vdeYb3pFj4f/Fp8k3rzhHS8A45NmrabKPiRKF7RQHw==",
            "dependencies": {
                "aurelia-dependency-injection": "^1.0.0",
                "aurelia-framework": "^1.4.1",
                "aurelia-logging": "^1.0.0",
                "aurelia-pal": "^1.0.0",
                "aurelia-templating": "^1.11.1"
            }
        },
        "node_modules/prettier": {
            "version": "2.8.8",
            "resolved": "https://registry.npmjs.org/prettier/-/prettier-2.8.8.tgz",
            "integrity": "sha512-tdN8qQGvNjw4CHbY+XXk0JgCXn9QiF21a55rBe5LJAU+kDyC4WQn4+awm2Xfk2lQMk5fKup9XgzTZtGkjBdP9Q==",
            "dev": true,
            "bin": {
                "prettier": "bin-prettier.js"
            },
            "engines": {
                "node": ">=10.13.0"
            },
            "funding": {
                "url": "https://github.com/prettier/prettier?sponsor=1"
            }
        },
        "node_modules/typescript": {
            "version": "5.1.3",
            "resolved": "https://registry.npmjs.org/typescript/-/typescript-5.1.3.tgz",
            "integrity": "sha512-XH627E9vkeqhlZFQuL+UsyAXEnibT0kWR2FWONlr4sTjvxyJYnyefgrkyECLzM5NenmKzRAy2rR/OlYLA1HkZw==",
            "dev": true,
            "bin": {
                "tsc": "bin/tsc",
                "tsserver": "bin/tsserver"
            },
            "engines": {
                "node": ">=14.17"
            }
        }
    }
}
